
Microsoft Visual Studio Solution File, Format Version 12.00
# Visual Studio Version 17
VisualStudioVersion = 17.3.32819.101
MinimumVisualStudioVersion = 10.0.40219.1
Project("{FAE04EC0-301F-11D3-BF4B-00C04F79EFBC}") = "CheckAllDEmo", "CheckAllDEmo\CheckAllDEmo.csproj", "{4499DA27-68C9-49F5-B42A-C87AA184295C}"
EndProject
Global
	GlobalSection(SolutionConfigurationPlatforms) = preSolution
		Debug|Any CPU = Debug|Any CPU
		Release|Any CPU = Release|Any CPU
	EndGlobalSection
	GlobalSection(ProjectConfigurationPlatforms) = postSolution
		{4499DA27-68C9-49F5-B42A-C87AA184295C}.Debug|Any CPU.ActiveCfg = Debug|Any CPU
		{4499DA27-68C9-49F5-B42A-C87AA184295C}.Debug|Any CPU.Build.0 = Debug|Any CPU
		{4499DA27-68C9-49F5-B42A-C87AA184295C}.Release|Any CPU.ActiveCfg = Release|Any CPU
		{4499DA27-68C9-49F5-B42A-C87AA184295C}.Release|Any CPU.Build.0 = Release|Any CPU
	EndGlobalSection
	GlobalSection(SolutionProperties) = preSolution
		HideSolutionNode = FALSE
	EndGlobalSection
	GlobalSection(ExtensibilityGlobals) = postSolution
		SolutionGuid = {F03A9644-017B-40A1-B003-E31F6CC7C27A}
	EndGlobalSection
EndGlobal
